
Microsoft Visual Studio Solution File, Format Version 12.00
# Visual Studio Version 17
VisualStudioVersion = 17.7.34031.279
MinimumVisualStudioVersion = 10.0.40219.1
Project("{FAE04EC0-301F-11D3-BF4B-00C04F79EFBC}") = "BulkyBook", "BulkyBook\BulkyBook.csproj", "{87A6F184-1094-43F7-8A69-9E7934B86D26}"
EndProject
Project("{FAE04EC0-301F-11D3-BF4B-00C04F79EFBC}") = "BulkyBook.DataAccess", "BulkyBook.DataAccess\BulkyBook.DataAccess.csproj", "{0ECF869E-C835-4A08-B0B8-FF286651B848}"
EndProject
Project("{FAE04EC0-301F-11D3-BF4B-00C04F79EFBC}") = "BulkyBook.Models", "BulkyBook.Models\BulkyBook.Models.csproj", "{5B43A923-F2CB-4A65-B7E3-C6203F4C19EA}"
EndProject
Project("{FAE04EC0-301F-11D3-BF4B-00C04F79EFBC}") = "BulkyBook.Utility", "BulkyBook.Utility\BulkyBook.Utility.csproj", "{E489EDDA-E82E-4BD2-8313-810EBBDDB5B8}"
EndProject
Global
	GlobalSection(SolutionConfigurationPlatforms) = preSolution
		Debug|Any CPU = Debug|Any CPU
		Release|Any CPU = Release|Any CPU
	EndGlobalSection
	GlobalSection(ProjectConfigurationPlatforms) = postSolution
		{87A6F184-1094-43F7-8A69-9E7934B86D26}.Debug|Any CPU.ActiveCfg = Debug|Any CPU
		{87A6F184-1094-43F7-8A69-9E7934B86D26}.Debug|Any CPU.Build.0 = Debug|Any CPU
		{87A6F184-1094-43F7-8A69-9E7934B86D26}.Release|Any CPU.ActiveCfg = Release|Any CPU
		{87A6F184-1094-43F7-8A69-9E7934B86D26}.Release|Any CPU.Build.0 = Release|Any CPU
		{0ECF869E-C835-4A08-B0B8-FF286651B848}.Debug|Any CPU.ActiveCfg = Debug|Any CPU
		{0ECF869E-C835-4A08-B0B8-FF286651B848}.Debug|Any CPU.Build.0 = Debug|Any CPU
		{0ECF869E-C835-4A08-B0B8-FF286651B848}.Release|Any CPU.ActiveCfg = Release|Any CPU
		{0ECF869E-C835-4A08-B0B8-FF286651B848}.Release|Any CPU.Build.0 = Release|Any CPU
		{5B43A923-F2CB-4A65-B7E3-C6203F4C19EA}.Debug|Any CPU.ActiveCfg = Debug|Any CPU
		{5B43A923-F2CB-4A65-B7E3-C6203F4C19EA}.Debug|Any CPU.Build.0 = Debug|Any CPU
		{5B43A923-F2CB-4A65-B7E3-C6203F4C19EA}.Release|Any CPU.ActiveCfg = Release|Any CPU
		{5B43A923-F2CB-4A65-B7E3-C6203F4C19EA}.Release|Any CPU.Build.0 = Release|Any CPU
		{E489EDDA-E82E-4BD2-8313-810EBBDDB5B8}.Debug|Any CPU.ActiveCfg = Debug|Any CPU
		{E489EDDA-E82E-4BD2-8313-810EBBDDB5B8}.Debug|Any CPU.Build.0 = Debug|Any CPU
		{E489EDDA-E82E-4BD2-8313-810EBBDDB5B8}.Release|Any CPU.ActiveCfg = Release|Any CPU
		{E489EDDA-E82E-4BD2-8313-810EBBDDB5B8}.Release|Any CPU.Build.0 = Release|Any CPU
	EndGlobalSection
	GlobalSection(SolutionProperties) = preSolution
		HideSolutionNode = FALSE
	EndGlobalSection
	GlobalSection(ExtensibilityGlobals) = postSolution
		SolutionGuid = {F950C293-1F43-4CE0-9D2D-B22079E1AFC8}
	EndGlobalSection
EndGlobal
